// !$*UTF8*$!
{
	archiveVersion = 1;
	classes = {
	};
	objectVersion = 46;
	objects = {

/* Begin PBXBuildFile section */
		7D2BAAF31F5700C400482C2B /* AppDelegate.swift in Sources */ = {isa = PBXBuildFile; fileRef = 7D2BAAF21F5700C400482C2B /* AppDelegate.swift */; };
		7D2BAAF51F5700C400482C2B /* ViewController.swift in Sources */ = {isa = PBXBuildFile; fileRef = 7D2BAAF41F5700C400482C2B /* ViewController.swift */; };
		7D2BAAF81F5700C400482C2B /* Main.storyboard in Resources */ = {isa = PBXBuildFile; fileRef = 7D2BAAF61F5700C400482C2B /* Main.storyboard */; };
		7D2BAAFA1F5700C400482C2B /* Assets.xcassets in Resources */ = {isa = PBXBuildFile; fileRef = 7D2BAAF91F5700C400482C2B /* Assets.xcassets */; };
		7D2BAAFD1F5700C400482C2B /* LaunchScreen.storyboard in Resources */ = {isa = PBXBuildFile; fileRef = 7D2BAAFB1F5700C400482C2B /* LaunchScreen.storyboard */; };
		7D2BAB081F5700C400482C2B /* _2Tests.swift in Sources */ = {isa = PBXBuildFile; fileRef = 7D2BAB071F5700C400482C2B /* _2Tests.swift */; };
		7D2BAB131F5700C400482C2B /* _2UITests.swift in Sources */ = {isa = PBXBuildFile; fileRef = 7D2BAB121F5700C400482C2B /* _2UITests.swift */; };
/* End PBXBuildFile section */

/* Begin PBXContainerItemProxy section */
		7D2BAB041F5700C400482C2B /* PBXContainerItemProxy */ = {
			isa = PBXContainerItemProxy;
			containerPortal = 7D2BAAE71F5700C400482C2B /* Project object */;
			proxyType = 1;
			remoteGlobalIDString = 7D2BAAEE1F5700C400482C2B;
			remoteInfo = 12;
		};
		7D2BAB0F1F5700C400482C2B /* PBXContainerItemProxy */ = {
			isa = PBXContainerItemProxy;
			containerPortal = 7D2BAAE71F5700C400482C2B /* Project object */;
			proxyType = 1;
			remoteGlobalIDString = 7D2BAAEE1F5700C400482C2B;
			remoteInfo = 12;
		};
/* End PBXContainerItemProxy section */

/* Begin PBXFileReference section */
		7D2BAAEF1F5700C400482C2B /* 12.app */ = {isa = PBXFileReference; explicitFileType = wrapper.application; includeInIndex = 0; path = 12.app; sourceTree = BUILT_PRODUCTS_DIR; };
		7D2BAAF21F5700C400482C2B /* AppDelegate.swift */ = {isa = PBXFileReference; lastKnownFileType = sourcecode.swift; path = AppDelegate.swift; sourceTree = "<group>"; };
		7D2BAAF41F5700C400482C2B /* ViewController.swift */ = {isa = PBXFileReference; lastKnownFileType = sourcecode.swift; path = ViewController.swift; sourceTree = "<group>"; };
		7D2BAAF71F5700C400482C2B /* Base */ = {isa = PBXFileReference; lastKnownFileType = file.storyboard; name = Base; path = Base.lproj/Main.storyboard; sourceTree = "<group>"; };
		7D2BAAF91F5700C400482C2B /* Assets.xcassets */ = {isa = PBXFileReference; lastKnownFileType = folder.assetcatalog; path = Assets.xcassets; sourceTree = "<group>"; };
		7D2BAAFC1F5700C400482C2B /* Base */ = {isa = PBXFileReference; lastKnownFileType = file.storyboard; name = Base; path = Base.lproj/LaunchScreen.storyboard; sourceTree = "<group>"; };
		7D2BAAFE1F5700C400482C2B /* Info.plist */ = {isa = PBXFileReference; lastKnownFileType = text.plist.xml; path = Info.plist; sourceTree = "<group>"; };
		7D2BAB031F5700C400482C2B /* 12Tests.xctest */ = {isa = PBXFileReference; explicitFileType = wrapper.cfbundle; includeInIndex = 0; path = 12Tests.xctest; sourceTree = BUILT_PRODUCTS_DIR; };
		7D2BAB071F5700C400482C2B /* _2Tests.swift */ = {isa = PBXFileReference; lastKnownFileType = sourcecode.swift; path = _2Tests.swift; sourceTree = "<group>"; };
		7D2BAB091F5700C400482C2B /* Info.plist */ = {isa = PBXFileReference; lastKnownFileType = text.plist.xml; path = Info.plist; sourceTree = "<group>"; };
		7D2BAB0E1F5700C400482C2B /* 12UITests.xctest */ = {isa = PBXFileReference; explicitFileType = wrapper.cfbundle; includeInIndex = 0; path = 12UITests.xctest; sourceTree = BUILT_PRODUCTS_DIR; };
		7D2BAB121F5700C400482C2B /* _2UITests.swift */ = {isa = PBXFileReference; lastKnownFileType = sourcecode.swift; path = _2UITests.swift; sourceTree = "<group>"; };
		7D2BAB141F5700C400482C2B /* Info.plist */ = {isa = PBXFileReference; lastKnownFileType = text.plist.xml; path = Info.plist; sourceTree = "<group>"; };
/* End PBXFileReference section */

/* Begin PBXFrameworksBuildPhase section */
		7D2BAAEC1F5700C400482C2B /* Frameworks */ = {
			isa = PBXFrameworksBuildPhase;
			buildActionMask = 2147483647;
			files = (
			);
			runOnlyForDeploymentPostprocessing = 0;
		};
		7D2BAB001F5700C400482C2B /* Frameworks */ = {
			isa = PBXFrameworksBuildPhase;
			buildActionMask = 2147483647;
			files = (
			);
			runOnlyForDeploymentPostprocessing = 0;
		};
		7D2BAB0B1F5700C400482C2B /* Frameworks */ = {
			isa = PBXFrameworksBuildPhase;
			buildActionMask = 2147483647;
			files = (
			);
			runOnlyForDeploymentPostprocessing = 0;
		};
/* End PBXFrameworksBuildPhase section */

/* Begin PBXGroup section */
		7D2BAAE61F5700C400482C2B = {
			isa = PBXGroup;
			children = (
				7D2BAAF11F5700C400482C2B /* 12 */,
				7D2BAB061F5700C400482C2B /* 12Tests */,
				7D2BAB111F5700C400482C2B /* 12UITests */,
				7D2BAAF01F5700C400482C2B /* Products */,
			);
			sourceTree = "<group>";
		};
		7D2BAAF01F5700C400482C2B /* Products */ = {
			isa = PBXGroup;
			children = (
				7D2BAAEF1F5700C400482C2B /* 12.app */,
				7D2BAB031F5700C400482C2B /* 12Tests.xctest */,
				7D2BAB0E1F5700C400482C2B /* 12UITests.xctest */,
			);
			name = Products;
			sourceTree = "<group>";
		};
		7D2BAAF11F5700C400482C2B /* 12 */ = {
			isa = PBXGroup;
			children = (
				7D2BAAF21F5700C400482C2B /* AppDelegate.swift */,
				7D2BAAF41F5700C400482C2B /* ViewController.swift */,
				7D2BAAF61F5700C400482C2B /* Main.storyboard */,
				7D2BAAF91F5700C400482C2B /* Assets.xcassets */,
				7D2BAAFB1F5700C400482C2B /* LaunchScreen.storyboard */,
				7D2BAAFE1F5700C400482C2B /* Info.plist */,
			);
			path = 12;
			sourceTree = "<group>";
		};
		7D2BAB061F5700C400482C2B /* 12Tests */ = {
			isa = PBXGroup;
			children = (
				7D2BAB071F5700C400482C2B /* _2Tests.swift */,
				7D2BAB091F5700C400482C2B /* Info.plist */,
			);
			path = 12Tests;
			sourceTree = "<group>";
		};
		7D2BAB111F5700C400482C2B /* 12UITests */ = {
			isa = PBXGroup;
			children = (
				7D2BAB121F5700C400482C2B /* _2UITests.swift */,
				7D2BAB141F5700C400482C2B /* Info.plist */,
			);
			path = 12UITests;
			sourceTree = "<group>";
		};
/* End PBXGroup section */

/* Begin PBXNativeTarget section */
		7D2BAAEE1F5700C400482C2B /* 12 */ = {
			isa = PBXNativeTarget;
			buildConfigurationList = 7D2BAB171F5700C400482C2B /* Build configuration list for PBXNativeTarget "12" */;
			buildPhases = (
				7D2BAAEB1F5700C400482C2B /* Sources */,
				7D2BAAEC1F5700C400482C2B /* Frameworks */,
				7D2BAAED1F5700C400482C2B /* Resources */,
			);
			buildRules = (
			);
			dependencies = (
			);
			name = 12;
			productName = 12;
			productReference = 7D2BAAEF1F5700C400482C2B /* 12.app */;
			productType = "com.apple.product-type.application";
		};
		7D2BAB021F5700C400482C2B /* 12Tests */ = {
			isa = PBXNativeTarget;
			buildConfigurationList = 7D2BAB1A1F5700C400482C2B /* Build configuration list for PBXNativeTarget "12Tests" */;
			buildPhases = (
				7D2BAAFF1F5700C400482C2B /* Sources */,
				7D2BAB001F5700C400482C2B /* Frameworks */,
				7D2BAB011F5700C400482C2B /* Resources */,
			);
			buildRules = (
			);
			dependencies = (
				7D2BAB051F5700C400482C2B /* PBXTargetDependency */,
			);
			name = 12Tests;
			productName = 12Tests;
			productReference = 7D2BAB031F5700C400482C2B /* 12Tests.xctest */;
			productType = "com.apple.product-type.bundle.unit-test";
		};
		7D2BAB0D1F5700C400482C2B /* 12UITests */ = {
			isa = PBXNativeTarget;
			buildConfigurationList = 7D2BAB1D1F5700C400482C2B /* Build configuration list for PBXNativeTarget "12UITests" */;
			buildPhases = (
				7D2BAB0A1F5700C400482C2B /* Sources */,
				7D2BAB0B1F5700C400482C2B /* Frameworks */,
				7D2BAB0C1F5700C400482C2B /* Resources */,
			);
			buildRules = (
			);
			dependencies = (
				7D2BAB101F5700C400482C2B /* PBXTargetDependency */,
			);
			name = 12UITests;
			productName = 12UITests;
			productReference = 7D2BAB0E1F5700C400482C2B /* 12UITests.xctest */;
			productType = "com.apple.product-type.bundle.ui-testing";
		};
/* End PBXNativeTarget section */

/* Begin PBXProject section */
		7D2BAAE71F5700C400482C2B /* Project object */ = {
			isa = PBXProject;
			attributes = {
				LastSwiftUpdateCheck = 0830;
				LastUpgradeCheck = 0830;
				ORGANIZATIONNAME = "谭登";
				TargetAttributes = {
					7D2BAAEE1F5700C400482C2B = {
						CreatedOnToolsVersion = 8.3.3;
						DevelopmentTeam = DM2CPY459P;
						ProvisioningStyle = Automatic;
					};
					7D2BAB021F5700C400482C2B = {
						CreatedOnToolsVersion = 8.3.3;
						DevelopmentTeam = DM2CPY459P;
						ProvisioningStyle = Automatic;
						TestTargetID = 7D2BAAEE1F5700C400482C2B;
					};
					7D2BAB0D1F5700C400482C2B = {
						CreatedOnToolsVersion = 8.3.3;
						DevelopmentTeam = DM2CPY459P;
						ProvisioningStyle = Automatic;
						TestTargetID = 7D2BAAEE1F5700C400482C2B;
					};
				};
			};
			buildConfigurationList = 7D2BAAEA1F5700C400482C2B /* Build configuration list for PBXProject "12" */;
			compatibilityVersion = "Xcode 3.2";
			developmentRegion = English;
			hasScannedForEncodings = 0;
			knownRegions = (
				en,
				Base,
			);
			mainGroup = 7D2BAAE61F5700C400482C2B;
			productRefGroup = 7D2BAAF01F5700C400482C2B /* Products */;
			projectDirPath = "";
			projectRoot = "";
			targets = (
				7D2BAAEE1F5700C400482C2B /* 12 */,
				7D2BAB021F5700C400482C2B /* 12Tests */,
				7D2BAB0D1F5700C400482C2B /* 12UITests */,
			);
		};
/* End PBXProject section */

/* Begin PBXResourcesBuildPhase section */
		7D2BAAED1F5700C400482C2B /* Resources */ = {
			isa = PBXResourcesBuildPhase;
			buildActionMask = 2147483647;
			files = (
				7D2BAAFD1F5700C400482C2B /* LaunchScreen.storyboard in Resources */,
				7D2BAAFA1F5700C400482C2B /* Assets.xcassets in Resources */,
				7D2BAAF81F5700C400482C2B /* Main.storyboard in Resources */,
			);
			runOnlyForDeploymentPostprocessing = 0;
		};
		7D2BAB011F5700C400482C2B /* Resources */ = {
			isa = PBXResourcesBuildPhase;
			buildActionMask = 2147483647;
			files = (
			);
			runOnlyForDeploymentPostprocessing = 0;
		};
		7D2BAB0C1F5700C400482C2B /* Resources */ = {
			isa = PBXResourcesBuildPhase;
			buildActionMask = 2147483647;
			files = (
			);
			runOnlyForDeploymentPostprocessing = 0;
		};
/* End PBXResourcesBuildPhase section */

/* Begin PBXSourcesBuildPhase section */
		7D2BAAEB1F5700C400482C2B /* Sources */ = {
			isa = PBXSourcesBuildPhase;
			buildActionMask = 2147483647;
			files = (
				7D2BAAF51F5700C400482C2B /* ViewController.swift in Sources */,
				7D2BAAF31F5700C400482C2B /* AppDelegate.swift in Sources */,
			);
			runOnlyForDeploymentPostprocessing = 0;
		};
		7D2BAAFF1F5700C400482C2B /* Sources */ = {
			isa = PBXSourcesBuildPhase;
			buildActionMask = 2147483647;
			files = (
				7D2BAB081F5700C400482C2B /* _2Tests.swift in Sources */,
			);
			runOnlyForDeploymentPostprocessing = 0;
		};
		7D2BAB0A1F5700C400482C2B /* Sources */ = {
			isa = PBXSourcesBuildPhase;
			buildActionMask = 2147483647;
			files = (
				7D2BAB131F5700C400482C2B /* _2UITests.swift in Sources */,
			);
			runOnlyForDeploymentPostprocessing = 0;
		};
/* End PBXSourcesBuildPhase section */

/* Begin PBXTargetDependency section */
		7D2BAB051F5700C400482C2B /* PBXTargetDependency */ = {
			isa = PBXTargetDependency;
			target = 7D2BAAEE1F5700C400482C2B /* 12 */;
			targetProxy = 7D2BAB041F5700C400482C2B /* PBXContainerItemProxy */;
		};
		7D2BAB101F5700C400482C2B /* PBXTargetDependency */ = {
			isa = PBXTargetDependency;
			target = 7D2BAAEE1F5700C400482C2B /* 12 */;
			targetProxy = 7D2BAB0F1F5700C400482C2B /* PBXContainerItemProxy */;
		};
/* End PBXTargetDependency section */

/* Begin PBXVariantGroup section */
		7D2BAAF61F5700C400482C2B /* Main.storyboard */ = {
			isa = PBXVariantGroup;
			children = (
				7D2BAAF71F5700C400482C2B /* Base */,
			);
			name = Main.storyboard;
			sourceTree = "<group>";
		};
		7D2BAAFB1F5700C400482C2B /* LaunchScreen.storyboard */ = {
			isa = PBXVariantGroup;
			children = (
				7D2BAAFC1F5700C400482C2B /* Base */,
			);
			name = LaunchScreen.storyboard;
			sourceTree = "<group>";
		};
/* End PBXVariantGroup section */

/* Begin XCBuildConfiguration section */
		7D2BAB151F5700C400482C2B /* Debug */ = {
			isa = XCBuildConfiguration;
			buildSettings = {
				ALWAYS_SEARCH_USER_PATHS = NO;
				CLANG_ANALYZER_NONNULL = YES;
				CLANG_ANALYZER_NUMBER_OBJECT_CONVERSION = YES_AGGRESSIVE;
				CLANG_CXX_LANGUAGE_STANDARD = "gnu++0x";
				CLANG_CXX_LIBRARY = "libc++";
				CLANG_ENABLE_MODULES = YES;
				CLANG_ENABLE_OBJC_ARC = YES;
				CLANG_WARN_BOOL_CONVERSION = YES;
				CLANG_WARN_CONSTANT_CONVERSION = YES;
				CLANG_WARN_DIRECT_OBJC_ISA_USAGE = YES_ERROR;
				CLANG_WARN_DOCUMENTATION_COMMENTS = YES;
				CLANG_WARN_EMPTY_BODY = YES;
				CLANG_WARN_ENUM_CONVERSION = YES;
				CLANG_WARN_INFINITE_RECURSION = YES;
				CLANG_WARN_INT_CONVERSION = YES;
				CLANG_WARN_OBJC_ROOT_CLASS = YES_ERROR;
				CLANG_WARN_SUSPICIOUS_MOVE = YES;
				CLANG_WARN_UNREACHABLE_CODE = YES;
				CLANG_WARN__DUPLICATE_METHOD_MATCH = YES;
				"CODE_SIGN_IDENTITY[sdk=iphoneos*]" = "iPhone Developer";
				COPY_PHASE_STRIP = NO;
				DEBUG_INFORMATION_FORMAT = dwarf;
				ENABLE_STRICT_OBJC_MSGSEND = YES;
				ENABLE_TESTABILITY = YES;
				GCC_C_LANGUAGE_STANDARD = gnu99;
				GCC_DYNAMIC_NO_PIC = NO;
				GCC_NO_COMMON_BLOCKS = YES;
				GCC_OPTIMIZATION_LEVEL = 0;
				GCC_PREPROCESSOR_DEFINITIONS = (
					"DEBUG=1",
					"$(inherited)",
				);
				GCC_WARN_64_TO_32_BIT_CONVERSION = YES;
				GCC_WARN_ABOUT_RETURN_TYPE = YES_ERROR;
				GCC_WARN_UNDECLARED_SELECTOR = YES;
				GCC_WARN_UNINITIALIZED_AUTOS = YES_AGGRESSIVE;
				GCC_WARN_UNUSED_FUNCTION = YES;
				GCC_WARN_UNUSED_VARIABLE = YES;
				IPHONEOS_DEPLOYMENT_TARGET = 10.3;
				MTL_ENABLE_DEBUG_INFO = YES;
				ONLY_ACTIVE_ARCH = YES;
				SDKROOT = iphoneos;
				SWIFT_ACTIVE_COMPILATION_CONDITIONS = DEBUG;
				SWIFT_OPTIMIZATION_LEVEL = "-Onone";
				TARGETED_DEVICE_FAMILY = "1,2";
			};
			name = Debug;
		};
		7D2BAB161F5700C400482C2B /* Release */ = {
			isa = XCBuildConfiguration;
			buildSettings = {
				ALWAYS_SEARCH_USER_PATHS = NO;
				CLANG_ANALYZER_NONNULL = YES;
				CLANG_ANALYZER_NUMBER_OBJECT_CONVERSION = YES_AGGRESSIVE;
				CLANG_CXX_LANGUAGE_STANDARD = "gnu++0x";
				CLANG_CXX_LIBRARY = "libc++";
				CLANG_ENABLE_MODULES = YES;
				CLANG_ENABLE_OBJC_ARC = YES;
				CLANG_WARN_BOOL_CONVERSION = YES;
				CLANG_WARN_CONSTANT_CONVERSION = YES;
				CLANG_WARN_DIRECT_OBJC_ISA_USAGE = YES_ERROR;
				CLANG_WARN_DOCUMENTATION_COMMENTS = YES;
				CLANG_WARN_EMPTY_BODY = YES;
				CLANG_WARN_ENUM_CONVERSION = YES;
				CLANG_WARN_INFINITE_RECURSION = YES;
				CLANG_WARN_INT_CONVERSION = YES;
				CLANG_WARN_OBJC_ROOT_CLASS = YES_ERROR;
				CLANG_WARN_SUSPICIOUS_MOVE = YES;
				CLANG_WARN_UNREACHABLE_CODE = YES;
				CLANG_WARN__DUPLICATE_METHOD_MATCH = YES;
				"CODE_SIGN_IDENTITY[sdk=iphoneos*]" = "iPhone Developer";
				COPY_PHASE_STRIP = NO;
				DEBUG_INFORMATION_FORMAT = "dwarf-with-dsym";
				ENABLE_NS_ASSERTIONS = NO;
				ENABLE_STRICT_OBJC_MSGSEND = YES;
				GCC_C_LANGUAGE_STANDARD = gnu99;
				GCC_NO_COMMON_BLOCKS = YES;
				GCC_WARN_64_TO_32_BIT_CONVERSION = YES;
				GCC_WARN_ABOUT_RETURN_TYPE = YES_ERROR;
				GCC_WARN_UNDECLARED_SELECTOR = YES;
				GCC_WARN_UNINITIALIZED_AUTOS = YES_AGGRESSIVE;
				GCC_WARN_UNUSED_FUNCTION = YES;
				GCC_WARN_UNUSED_VARIABLE = YES;
				IPHONEOS_DEPLOYMENT_TARGET = 10.3;
				MTL_ENABLE_DEBUG_INFO = NO;
				SDKROOT = iphoneos;
				SWIFT_OPTIMIZATION_LEVEL = "-Owholemodule";
				TARGETED_DEVICE_FAMILY = "1,2";
				VALIDATE_PRODUCT = YES;
			};
			name = Release;
		};
		7D2BAB181F5700C400482C2B /* Debug */ = {
			isa = XCBuildConfiguration;
			buildSettings = {
				ASSETCATALOG_COMPILER_APPICON_NAME = AppIcon;
				DEVELOPMENT_TEAM = DM2CPY459P;
				INFOPLIST_FILE = 12/Info.plist;
				LD_RUNPATH_SEARCH_PATHS = "$(inherited) @executable_path/Frameworks";
				PRODUCT_BUNDLE_IDENTIFIER = "tandeng.-2";
				PRODUCT_NAME = "$(TARGET_NAME)";
				SWIFT_VERSION = 3.0;
			};
			name = Debug;
		};
		7D2BAB191F5700C400482C2B /* Release */ = {
			isa = XCBuildConfiguration;
			buildSettings = {
				ASSETCATALOG_COMPILER_APPICON_NAME = AppIcon;
				DEVELOPMENT_TEAM = DM2CPY459P;
				INFOPLIST_FILE = 12/Info.plist;
				LD_RUNPATH_SEARCH_PATHS = "$(inherited) @executable_path/Frameworks";
				PRODUCT_BUNDLE_IDENTIFIER = "tandeng.-2";
				PRODUCT_NAME = "$(TARGET_NAME)";
				SWIFT_VERSION = 3.0;
			};
			name = Release;
		};
		7D2BAB1B1F5700C400482C2B /* Debug */ = {
			isa = XCBuildConfiguration;
			buildSettings = {
				ALWAYS_EMBED_SWIFT_STANDARD_LIBRARIES = YES;
				BUNDLE_LOADER = "$(TEST_HOST)";
				DEVELOPMENT_TEAM = DM2CPY459P;
				INFOPLIST_FILE = 12Tests/Info.plist;
				LD_RUNPATH_SEARCH_PATHS = "$(inherited) @executable_path/Frameworks @loader_path/Frameworks";
				PRODUCT_BUNDLE_IDENTIFIER = "tandeng.-2Tests";
				PRODUCT_NAME = "$(TARGET_NAME)";
				SWIFT_VERSION = 3.0;
				TEST_HOST = "$(BUILT_PRODUCTS_DIR)/12.app/12";
			};
			name = Debug;
		};
		7D2BAB1C1F5700C400482C2B /* Release */ = {
			isa = XCBuildConfiguration;
			buildSettings = {
				ALWAYS_EMBED_SWIFT_STANDARD_LIBRARIES = YES;
				BUNDLE_LOADER = "$(TEST_HOST)";
				DEVELOPMENT_TEAM = DM2CPY459P;
				INFOPLIST_FILE = 12Tests/Info.plist;
				LD_RUNPATH_SEARCH_PATHS = "$(inherited) @executable_path/Frameworks @loader_path/Frameworks";
				PRODUCT_BUNDLE_IDENTIFIER = "tandeng.-2Tests";
				PRODUCT_NAME = "$(TARGET_NAME)";
				SWIFT_VERSION = 3.0;
				TEST_HOST = "$(BUILT_PRODUCTS_DIR)/12.app/12";
			};
			name = Release;
		};
		7D2BAB1E1F5700C400482C2B /* Debug */ = {
			isa = XCBuildConfiguration;
			buildSettings = {
				ALWAYS_EMBED_SWIFT_STANDARD_LIBRARIES = YES;
				DEVELOPMENT_TEAM = DM2CPY459P;
				INFOPLIST_FILE = 12UITests/Info.plist;
				LD_RUNPATH_SEARCH_PATHS = "$(inherited) @executable_path/Frameworks @loader_path/Frameworks";
				PRODUCT_BUNDLE_IDENTIFIER = "tandeng.-2UITests";
				PRODUCT_NAME = "$(TARGET_NAME)";
				SWIFT_VERSION = 3.0;
				TEST_TARGET_NAME = 12;
			};
			name = Debug;
		};
		7D2BAB1F1F5700C400482C2B /* Release */ = {
			isa = XCBuildConfiguration;
			buildSettings = {
				ALWAYS_EMBED_SWIFT_STANDARD_LIBRARIES = YES;
				DEVELOPMENT_TEAM = DM2CPY459P;
				INFOPLIST_FILE = 12UITests/Info.plist;
				LD_RUNPATH_SEARCH_PATHS = "$(inherited) @executable_path/Frameworks @loader_path/Frameworks";
				PRODUCT_BUNDLE_IDENTIFIER = "tandeng.-2UITests";
				PRODUCT_NAME = "$(TARGET_NAME)";
				SWIFT_VERSION = 3.0;
				TEST_TARGET_NAME = 12;
			};
			name = Release;
		};
/* End XCBuildConfiguration section */

/* Begin XCConfigurationList section */
		7D2BAAEA1F5700C400482C2B /* Build configuration list for PBXProject "12" */ = {
			isa = XCConfigurationList;
			buildConfigurations = (
				7D2BAB151F5700C400482C2B /* Debug */,
				7D2BAB161F5700C400482C2B /* Release */,
			);
			defaultConfigurationIsVisible = 0;
			defaultConfigurationName = Release;
		};
		7D2BAB171F5700C400482C2B /* Build configuration list for PBXNativeTarget "12" */ = {
			isa = XCConfigurationList;
			buildConfigurations = (
				7D2BAB181F5700C400482C2B /* Debug */,
				7D2BAB191F5700C400482C2B /* Release */,
			);
			defaultConfigurationIsVisible = 0;
		};
		7D2BAB1A1F5700C400482C2B /* Build configuration list for PBXNativeTarget "12Tests" */ = {
			isa = XCConfigurationList;
			buildConfigurations = (
				7D2BAB1B1F5700C400482C2B /* Debug */,
				7D2BAB1C1F5700C400482C2B /* Release */,
			);
			defaultConfigurationIsVisible = 0;
		};
		7D2BAB1D1F5700C400482C2B /* Build configuration list for PBXNativeTarget "12UITests" */ = {
			isa = XCConfigurationList;
			buildConfigurations = (
				7D2BAB1E1F5700C400482C2B /* Debug */,
				7D2BAB1F1F5700C400482C2B /* Release */,
			);
			defaultConfigurationIsVisible = 0;
		};
/* End XCConfigurationList section */
	};
	rootObject = 7D2BAAE71F5700C400482C2B /* Project object */;
}
